// !$*UTF8*$!
{
	archiveVersion = 1;
	classes = {
	};
	objectVersion = 48;
	objects = {

/* Begin PBXBuildFile section */
		B80C21A72011B83A00EEFF14 /* AppDelegate.m in Sources */ = {isa = PBXBuildFile; fileRef = B80C21A62011B83A00EEFF14 /* AppDelegate.m */; };
		B80C21AA2011B83A00EEFF14 /* MasterViewController.m in Sources */ = {isa = PBXBuildFile; fileRef = B80C21A92011B83A00EEFF14 /* MasterViewController.m */; };
		B80C21AD2011B83A00EEFF14 /* Main.storyboard in Resources */ = {isa = PBXBuildFile; fileRef = B80C21AB2011B83A00EEFF14 /* Main.storyboard */; };
		B80C21AF2011B83A00EEFF14 /* Assets.xcassets in Resources */ = {isa = PBXBuildFile; fileRef = B80C21AE2011B83A00EEFF14 /* Assets.xcassets */; };
		B80C21B22011B83A00EEFF14 /* LaunchScreen.storyboard in Resources */ = {isa = PBXBuildFile; fileRef = B80C21B02011B83A00EEFF14 /* LaunchScreen.storyboard */; };
		B80C21B52011B83A00EEFF14 /* main.m in Sources */ = {isa = PBXBuildFile; fileRef = B80C21B42011B83A00EEFF14 /* main.m */; };
		B80C21BD2011B88100EEFF14 /* DetailViewController.m in Sources */ = {isa = PBXBuildFile; fileRef = B80C21BC2011B88100EEFF14 /* DetailViewController.m */; };
/* End PBXBuildFile section */

/* Begin PBXFileReference section */
		B80C21A22011B83A00EEFF14 /* NotificationCenterObj.app */ = {isa = PBXFileReference; explicitFileType = wrapper.application; includeInIndex = 0; path = NotificationCenterObj.app; sourceTree = BUILT_PRODUCTS_DIR; };
		B80C21A52011B83A00EEFF14 /* AppDelegate.h */ = {isa = PBXFileReference; lastKnownFileType = sourcecode.c.h; path = AppDelegate.h; sourceTree = "<group>"; };
		B80C21A62011B83A00EEFF14 /* AppDelegate.m */ = {isa = PBXFileReference; lastKnownFileType = sourcecode.c.objc; path = AppDelegate.m; sourceTree = "<group>"; };
		B80C21A82011B83A00EEFF14 /* MasterViewController.h */ = {isa = PBXFileReference; lastKnownFileType = sourcecode.c.h; path = MasterViewController.h; sourceTree = "<group>"; };
		B80C21A92011B83A00EEFF14 /* MasterViewController.m */ = {isa = PBXFileReference; lastKnownFileType = sourcecode.c.objc; path = MasterViewController.m; sourceTree = "<group>"; };
		B80C21AC2011B83A00EEFF14 /* Base */ = {isa = PBXFileReference; lastKnownFileType = file.storyboard; name = Base; path = Base.lproj/Main.storyboard; sourceTree = "<group>"; };
		B80C21AE2011B83A00EEFF14 /* Assets.xcassets */ = {isa = PBXFileReference; lastKnownFileType = folder.assetcatalog; path = Assets.xcassets; sourceTree = "<group>"; };
		B80C21B12011B83A00EEFF14 /* Base */ = {isa = PBXFileReference; lastKnownFileType = file.storyboard; name = Base; path = Base.lproj/LaunchScreen.storyboard; sourceTree = "<group>"; };
		B80C21B32011B83A00EEFF14 /* Info.plist */ = {isa = PBXFileReference; lastKnownFileType = text.plist.xml; path = Info.plist; sourceTree = "<group>"; };
		B80C21B42011B83A00EEFF14 /* main.m */ = {isa = PBXFileReference; lastKnownFileType = sourcecode.c.objc; path = main.m; sourceTree = "<group>"; };
		B80C21BB2011B88100EEFF14 /* DetailViewController.h */ = {isa = PBXFileReference; lastKnownFileType = sourcecode.c.h; path = DetailViewController.h; sourceTree = "<group>"; };
		B80C21BC2011B88100EEFF14 /* DetailViewController.m */ = {isa = PBXFileReference; lastKnownFileType = sourcecode.c.objc; path = DetailViewController.m; sourceTree = "<group>"; };
/* End PBXFileReference section */

/* Begin PBXFrameworksBuildPhase section */
		B80C219F2011B83A00EEFF14 /* Frameworks */ = {
			isa = PBXFrameworksBuildPhase;
			buildActionMask = 2147483647;
			files = (
			);
			runOnlyForDeploymentPostprocessing = 0;
		};
/* End PBXFrameworksBuildPhase section */

/* Begin PBXGroup section */
		B80C21992011B83A00EEFF14 = {
			isa = PBXGroup;
			children = (
				B80C21A42011B83A00EEFF14 /* NotificationCenterObj */,
				B80C21A32011B83A00EEFF14 /* Products */,
			);
			sourceTree = "<group>";
		};
		B80C21A32011B83A00EEFF14 /* Products */ = {
			isa = PBXGroup;
			children = (
				B80C21A22011B83A00EEFF14 /* NotificationCenterObj.app */,
			);
			name = Products;
			sourceTree = "<group>";
		};
		B80C21A42011B83A00EEFF14 /* NotificationCenterObj */ = {
			isa = PBXGroup;
			children = (
				B80C21A52011B83A00EEFF14 /* AppDelegate.h */,
				B80C21A62011B83A00EEFF14 /* AppDelegate.m */,
				B80C21A82011B83A00EEFF14 /* MasterViewController.h */,
				B80C21A92011B83A00EEFF14 /* MasterViewController.m */,
				B80C21AB2011B83A00EEFF14 /* Main.storyboard */,
				B80C21BB2011B88100EEFF14 /* DetailViewController.h */,
				B80C21BC2011B88100EEFF14 /* DetailViewController.m */,
				B80C21AE2011B83A00EEFF14 /* Assets.xcassets */,
				B80C21B02011B83A00EEFF14 /* LaunchScreen.storyboard */,
				B80C21B32011B83A00EEFF14 /* Info.plist */,
				B80C21B42011B83A00EEFF14 /* main.m */,
			);
			path = NotificationCenterObj;
			sourceTree = "<group>";
		};
/* End PBXGroup section */

/* Begin PBXNativeTarget section */
		B80C21A12011B83A00EEFF14 /* NotificationCenterObj */ = {
			isa = PBXNativeTarget;
			buildConfigurationList = B80C21B82011B83A00EEFF14 /* Build configuration list for PBXNativeTarget "NotificationCenterObj" */;
			buildPhases = (
				B80C219E2011B83A00EEFF14 /* Sources */,
				B80C219F2011B83A00EEFF14 /* Frameworks */,
				B80C21A02011B83A00EEFF14 /* Resources */,
			);
			buildRules = (
			);
			dependencies = (
			);
			name = NotificationCenterObj;
			productName = NotificationCenterObj;
			productReference = B80C21A22011B83A00EEFF14 /* NotificationCenterObj.app */;
			productType = "com.apple.product-type.application";
		};
/* End PBXNativeTarget section */

/* Begin PBXProject section */
		B80C219A2011B83A00EEFF14 /* Project object */ = {
			isa = PBXProject;
			attributes = {
				LastUpgradeCheck = 0920;
				ORGANIZATIONNAME = LuyenBG;
				TargetAttributes = {
					B80C21A12011B83A00EEFF14 = {
						CreatedOnToolsVersion = 9.2;
						ProvisioningStyle = Automatic;
					};
				};
			};
			buildConfigurationList = B80C219D2011B83A00EEFF14 /* Build configuration list for PBXProject "NotificationCenterObj" */;
			compatibilityVersion = "Xcode 8.0";
			developmentRegion = en;
			hasScannedForEncodings = 0;
			knownRegions = (
				en,
				Base,
			);
			mainGroup = B80C21992011B83A00EEFF14;
			productRefGroup = B80C21A32011B83A00EEFF14 /* Products */;
			projectDirPath = "";
			projectRoot = "";
			targets = (
				B80C21A12011B83A00EEFF14 /* NotificationCenterObj */,
			);
		};
/* End PBXProject section */

/* Begin PBXResourcesBuildPhase section */
		B80C21A02011B83A00EEFF14 /* Resources */ = {
			isa = PBXResourcesBuildPhase;
			buildActionMask = 2147483647;
			files = (
				B80C21B22011B83A00EEFF14 /* LaunchScreen.storyboard in Resources */,
				B80C21AF2011B83A00EEFF14 /* Assets.xcassets in Resources */,
				B80C21AD2011B83A00EEFF14 /* Main.storyboard in Resources */,
			);
			runOnlyForDeploymentPostprocessing = 0;
		};
/* End PBXResourcesBuildPhase section */

/* Begin PBXSourcesBuildPhase section */
		B80C219E2011B83A00EEFF14 /* Sources */ = {
			isa = PBXSourcesBuildPhase;
			buildActionMask = 2147483647;
			files = (
				B80C21AA2011B83A00EEFF14 /* MasterViewController.m in Sources */,
				B80C21B52011B83A00EEFF14 /* main.m in Sources */,
				B80C21A72011B83A00EEFF14 /* AppDelegate.m in Sources */,
				B80C21BD2011B88100EEFF14 /* DetailViewController.m in Sources */,
			);
			runOnlyForDeploymentPostprocessing = 0;
		};
/* End PBXSourcesBuildPhase section */

/* Begin PBXVariantGroup section */
		B80C21AB2011B83A00EEFF14 /* Main.storyboard */ = {
			isa = PBXVariantGroup;
			children = (
				B80C21AC2011B83A00EEFF14 /* Base */,
			);
			name = Main.storyboard;
			sourceTree = "<group>";
		};
		B80C21B02011B83A00EEFF14 /* LaunchScreen.storyboard */ = {
			isa = PBXVariantGroup;
			children = (
				B80C21B12011B83A00EEFF14 /* Base */,
			);
			name = LaunchScreen.storyboard;
			sourceTree = "<group>";
		};
/* End PBXVariantGroup section */

/* Begin XCBuildConfiguration section */
		B80C21B62011B83A00EEFF14 /* Debug */ = {
			isa = XCBuildConfiguration;
			buildSettings = {
				ALWAYS_SEARCH_USER_PATHS = NO;
				CLANG_ANALYZER_NONNULL = YES;
				CLANG_ANALYZER_NUMBER_OBJECT_CONVERSION = YES_AGGRESSIVE;
				CLANG_CXX_LANGUAGE_STANDARD = "gnu++14";
				CLANG_CXX_LIBRARY = "libc++";
				CLANG_ENABLE_MODULES = YES;
				CLANG_ENABLE_OBJC_ARC = YES;
				CLANG_WARN_BLOCK_CAPTURE_AUTORELEASING = YES;
				CLANG_WARN_BOOL_CONVERSION = YES;
				CLANG_WARN_COMMA = YES;
				CLANG_WARN_CONSTANT_CONVERSION = YES;
				CLANG_WARN_DIRECT_OBJC_ISA_USAGE = YES_ERROR;
				CLANG_WARN_DOCUMENTATION_COMMENTS = YES;
				CLANG_WARN_EMPTY_BODY = YES;
				CLANG_WARN_ENUM_CONVERSION = YES;
				CLANG_WARN_INFINITE_RECURSION = YES;
				CLANG_WARN_INT_CONVERSION = YES;
				CLANG_WARN_NON_LITERAL_NULL_CONVERSION = YES;
				CLANG_WARN_OBJC_LITERAL_CONVERSION = YES;
				CLANG_WARN_OBJC_ROOT_CLASS = YES_ERROR;
				CLANG_WARN_RANGE_LOOP_ANALYSIS = YES;
				CLANG_WARN_STRICT_PROTOTYPES = YES;
				CLANG_WARN_SUSPICIOUS_MOVE = YES;
				CLANG_WARN_UNGUARDED_AVAILABILITY = YES_AGGRESSIVE;
				CLANG_WARN_UNREACHABLE_CODE = YES;
				CLANG_WARN__DUPLICATE_METHOD_MATCH = YES;
				CODE_SIGN_IDENTITY = "iPhone Developer";
				COPY_PHASE_STRIP = NO;
				DEBUG_INFORMATION_FORMAT = dwarf;
				ENABLE_STRICT_OBJC_MSGSEND = YES;
				ENABLE_TESTABILITY = YES;
				GCC_C_LANGUAGE_STANDARD = gnu11;
				GCC_DYNAMIC_NO_PIC = NO;
				GCC_NO_COMMON_BLOCKS = YES;
				GCC_OPTIMIZATION_LEVEL = 0;
				GCC_PREPROCESSOR_DEFINITIONS = (
					"DEBUG=1",
					"$(inherited)",
				);
				GCC_WARN_64_TO_32_BIT_CONVERSION = YES;
				GCC_WARN_ABOUT_RETURN_TYPE = YES_ERROR;
				GCC_WARN_UNDECLARED_SELECTOR = YES;
				GCC_WARN_UNINITIALIZED_AUTOS = YES_AGGRESSIVE;
				GCC_WARN_UNUSED_FUNCTION = YES;
				GCC_WARN_UNUSED_VARIABLE = YES;
				IPHONEOS_DEPLOYMENT_TARGET = 11.2;
				MTL_ENABLE_DEBUG_INFO = YES;
				ONLY_ACTIVE_ARCH = YES;
				SDKROOT = iphoneos;
			};
			name = Debug;
		};
		B80C21B72011B83A00EEFF14 /* Release */ = {
			isa = XCBuildConfiguration;
			buildSettings = {
				ALWAYS_SEARCH_USER_PATHS = NO;
				CLANG_ANALYZER_NONNULL = YES;
				CLANG_ANALYZER_NUMBER_OBJECT_CONVERSION = YES_AGGRESSIVE;
				CLANG_CXX_LANGUAGE_STANDARD = "gnu++14";
				CLANG_CXX_LIBRARY = "libc++";
				CLANG_ENABLE_MODULES = YES;
				CLANG_ENABLE_OBJC_ARC = YES;
				CLANG_WARN_BLOCK_CAPTURE_AUTORELEASING = YES;
				CLANG_WARN_BOOL_CONVERSION = YES;
				CLANG_WARN_COMMA = YES;
				CLANG_WARN_CONSTANT_CONVERSION = YES;
				CLANG_WARN_DIRECT_OBJC_ISA_USAGE = YES_ERROR;
				CLANG_WARN_DOCUMENTATION_COMMENTS = YES;
				CLANG_WARN_EMPTY_BODY = YES;
				CLANG_WARN_ENUM_CONVERSION = YES;
				CLANG_WARN_INFINITE_RECURSION = YES;
				CLANG_WARN_INT_CONVERSION = YES;
				CLANG_WARN_NON_LITERAL_NULL_CONVERSION = YES;
				CLANG_WARN_OBJC_LITERAL_CONVERSION = YES;
				CLANG_WARN_OBJC_ROOT_CLASS = YES_ERROR;
				CLANG_WARN_RANGE_LOOP_ANALYSIS = YES;
				CLANG_WARN_STRICT_PROTOTYPES = YES;
				CLANG_WARN_SUSPICIOUS_MOVE = YES;
				CLANG_WARN_UNGUARDED_AVAILABILITY = YES_AGGRESSIVE;
				CLANG_WARN_UNREACHABLE_CODE = YES;
				CLANG_WARN__DUPLICATE_METHOD_MATCH = YES;
				CODE_SIGN_IDENTITY = "iPhone Developer";
				COPY_PHASE_STRIP = NO;
				DEBUG_INFORMATION_FORMAT = "dwarf-with-dsym";
				ENABLE_NS_ASSERTIONS = NO;
				ENABLE_STRICT_OBJC_MSGSEND = YES;
				GCC_C_LANGUAGE_STANDARD = gnu11;
				GCC_NO_COMMON_BLOCKS = YES;
				GCC_WARN_64_TO_32_BIT_CONVERSION = YES;
				GCC_WARN_ABOUT_RETURN_TYPE = YES_ERROR;
				GCC_WARN_UNDECLARED_SELECTOR = YES;
				GCC_WARN_UNINITIALIZED_AUTOS = YES_AGGRESSIVE;
				GCC_WARN_UNUSED_FUNCTION = YES;
				GCC_WARN_UNUSED_VARIABLE = YES;
				IPHONEOS_DEPLOYMENT_TARGET = 11.2;
				MTL_ENABLE_DEBUG_INFO = NO;
				SDKROOT = iphoneos;
				VALIDATE_PRODUCT = YES;
			};
			name = Release;
		};
		B80C21B92011B83A00EEFF14 /* Debug */ = {
			isa = XCBuildConfiguration;
			buildSettings = {
				ASSETCATALOG_COMPILER_APPICON_NAME = AppIcon;
				CODE_SIGN_STYLE = Automatic;
				INFOPLIST_FILE = NotificationCenterObj/Info.plist;
				LD_RUNPATH_SEARCH_PATHS = "$(inherited) @executable_path/Frameworks";
				PRODUCT_BUNDLE_IDENTIFIER = hoangluyen.NotificationCenterObj;
				PRODUCT_NAME = "$(TARGET_NAME)";
				TARGETED_DEVICE_FAMILY = "1,2";
			};
			name = Debug;
		};
		B80C21BA2011B83A00EEFF14 /* Release */ = {
			isa = XCBuildConfiguration;
			buildSettings = {
				ASSETCATALOG_COMPILER_APPICON_NAME = AppIcon;
				CODE_SIGN_STYLE = Automatic;
				INFOPLIST_FILE = NotificationCenterObj/Info.plist;
				LD_RUNPATH_SEARCH_PATHS = "$(inherited) @executable_path/Frameworks";
				PRODUCT_BUNDLE_IDENTIFIER = hoangluyen.NotificationCenterObj;
				PRODUCT_NAME = "$(TARGET_NAME)";
				TARGETED_DEVICE_FAMILY = "1,2";
			};
			name = Release;
		};
/* End XCBuildConfiguration section */

/* Begin XCConfigurationList section */
		B80C219D2011B83A00EEFF14 /* Build configuration list for PBXProject "NotificationCenterObj" */ = {
			isa = XCConfigurationList;
			buildConfigurations = (
				B80C21B62011B83A00EEFF14 /* Debug */,
				B80C21B72011B83A00EEFF14 /* Release */,
			);
			defaultConfigurationIsVisible = 0;
			defaultConfigurationName = Release;
		};
		B80C21B82011B83A00EEFF14 /* Build configuration list for PBXNativeTarget "NotificationCenterObj" */ = {
			isa = XCConfigurationList;
			buildConfigurations = (
				B80C21B92011B83A00EEFF14 /* Debug */,
				B80C21BA2011B83A00EEFF14 /* Release */,
			);
			defaultConfigurationIsVisible = 0;
			defaultConfigurationName = Release;
		};
/* End XCConfigurationList section */
	};
	rootObject = B80C219A2011B83A00EEFF14 /* Project object */;
}
